
Microsoft Visual Studio Solution File, Format Version 12.00
# Visual Studio Version 16
VisualStudioVersion = 16.0.30711.63
MinimumVisualStudioVersion = 10.0.40219.1
Project("{8BC9CEB8-8B4A-11D0-8D11-00A0C91BC942}") = "01. PrintInput", "01. PrintInput\01. PrintInput.vcxproj", "{48B2E7CC-1F02-44D2-84FF-9A5AA3C205B8}"
EndProject
Project("{8BC9CEB8-8B4A-11D0-8D11-00A0C91BC942}") = "02. SumOfEvenElements", "02. SumOfEvenElements\02. SumOfEvenElements.vcxproj", "{DDEB24BE-31DA-488E-A9CB-7610D8DC96CE}"
EndProject
Project("{8BC9CEB8-8B4A-11D0-8D11-00A0C91BC942}") = "03. ProductOfEvenIndexes", "03. SumOfEvenIndexes\03. SumOfEvenIndexes.vcxproj", "{6CF59483-A95B-4AE8-9F37-1681CE0ABF63}"
EndProject
Project("{8BC9CEB8-8B4A-11D0-8D11-00A0C91BC942}") = "04. BigAndSmall", "04. BigAndSmall\04. BigAndSmall.vcxproj", "{C5F7CF4E-7CAE-4A66-BBF7-E987F3C7FE29}"
EndProject
Project("{8BC9CEB8-8B4A-11D0-8D11-00A0C91BC942}") = "05. GetPrimeNumbers", "05. GetPrimeNumbers\05. GetPrimeNumbers.vcxproj", "{0322BF84-5F22-464B-8E94-AE1E7F50D581}"
EndProject
Project("{8BC9CEB8-8B4A-11D0-8D11-00A0C91BC942}") = "06. SumAndProduct", "06. SumAndProduct\06. SumAndProduct.vcxproj", "{D39AFF59-13A6-4EB6-A598-47B1AB3ACF78}"
EndProject
Project("{8BC9CEB8-8B4A-11D0-8D11-00A0C91BC942}") = "07. LongestSequence", "07. LongestSequence\07. LongestSequence.vcxproj", "{73AF635D-EABD-4F5D-85A5-A6E9F79E3D29}"
EndProject
Project("{8BC9CEB8-8B4A-11D0-8D11-00A0C91BC942}") = "08. SumAndProduct2", "08. SumAndProduct2\08. SumAndProduct2.vcxproj", "{E7816E69-001C-4D58-B35B-E2D53FB92F91}"
EndProject
Project("{8BC9CEB8-8B4A-11D0-8D11-00A0C91BC942}") = "09. SumOfElementsWitthMoreOnes", "09. SumOfElementsWitthMoreOnes\09. SumOfElementsWitthMoreOnes.vcxproj", "{F31B04AD-6DAC-44DA-8493-03239F0385CC}"
EndProject
Global
	GlobalSection(SolutionConfigurationPlatforms) = preSolution
		Debug|x64 = Debug|x64
		Debug|x86 = Debug|x86
		Release|x64 = Release|x64
		Release|x86 = Release|x86
	EndGlobalSection
	GlobalSection(ProjectConfigurationPlatforms) = postSolution
		{48B2E7CC-1F02-44D2-84FF-9A5AA3C205B8}.Debug|x64.ActiveCfg = Debug|x64
		{48B2E7CC-1F02-44D2-84FF-9A5AA3C205B8}.Debug|x64.Build.0 = Debug|x64
		{48B2E7CC-1F02-44D2-84FF-9A5AA3C205B8}.Debug|x86.ActiveCfg = Debug|Win32
		{48B2E7CC-1F02-44D2-84FF-9A5AA3C205B8}.Debug|x86.Build.0 = Debug|Win32
		{48B2E7CC-1F02-44D2-84FF-9A5AA3C205B8}.Release|x64.ActiveCfg = Release|x64
		{48B2E7CC-1F02-44D2-84FF-9A5AA3C205B8}.Release|x64.Build.0 = Release|x64
		{48B2E7CC-1F02-44D2-84FF-9A5AA3C205B8}.Release|x86.ActiveCfg = Release|Win32
		{48B2E7CC-1F02-44D2-84FF-9A5AA3C205B8}.Release|x86.Build.0 = Release|Win32
		{DDEB24BE-31DA-488E-A9CB-7610D8DC96CE}.Debug|x64.ActiveCfg = Debug|x64
		{DDEB24BE-31DA-488E-A9CB-7610D8DC96CE}.Debug|x64.Build.0 = Debug|x64
		{DDEB24BE-31DA-488E-A9CB-7610D8DC96CE}.Debug|x86.ActiveCfg = Debug|Win32
		{DDEB24BE-31DA-488E-A9CB-7610D8DC96CE}.Debug|x86.Build.0 = Debug|Win32
		{DDEB24BE-31DA-488E-A9CB-7610D8DC96CE}.Release|x64.ActiveCfg = Release|x64
		{DDEB24BE-31DA-488E-A9CB-7610D8DC96CE}.Release|x64.Build.0 = Release|x64
		{DDEB24BE-31DA-488E-A9CB-7610D8DC96CE}.Release|x86.ActiveCfg = Release|Win32
		{DDEB24BE-31DA-488E-A9CB-7610D8DC96CE}.Release|x86.Build.0 = Release|Win32
		{6CF59483-A95B-4AE8-9F37-1681CE0ABF63}.Debug|x64.ActiveCfg = Debug|x64
		{6CF59483-A95B-4AE8-9F37-1681CE0ABF63}.Debug|x64.Build.0 = Debug|x64
		{6CF59483-A95B-4AE8-9F37-1681CE0ABF63}.Debug|x86.ActiveCfg = Debug|Win32
		{6CF59483-A95B-4AE8-9F37-1681CE0ABF63}.Debug|x86.Build.0 = Debug|Win32
		{6CF59483-A95B-4AE8-9F37-1681CE0ABF63}.Release|x64.ActiveCfg = Release|x64
		{6CF59483-A95B-4AE8-9F37-1681CE0ABF63}.Release|x64.Build.0 = Release|x64
		{6CF59483-A95B-4AE8-9F37-1681CE0ABF63}.Release|x86.ActiveCfg = Release|Win32
		{6CF59483-A95B-4AE8-9F37-1681CE0ABF63}.Release|x86.Build.0 = Release|Win32
		{C5F7CF4E-7CAE-4A66-BBF7-E987F3C7FE29}.Debug|x64.ActiveCfg = Debug|x64
		{C5F7CF4E-7CAE-4A66-BBF7-E987F3C7FE29}.Debug|x64.Build.0 = Debug|x64
		{C5F7CF4E-7CAE-4A66-BBF7-E987F3C7FE29}.Debug|x86.ActiveCfg = Debug|Win32
		{C5F7CF4E-7CAE-4A66-BBF7-E987F3C7FE29}.Debug|x86.Build.0 = Debug|Win32
		{C5F7CF4E-7CAE-4A66-BBF7-E987F3C7FE29}.Release|x64.ActiveCfg = Release|x64
		{C5F7CF4E-7CAE-4A66-BBF7-E987F3C7FE29}.Release|x64.Build.0 = Release|x64
		{C5F7CF4E-7CAE-4A66-BBF7-E987F3C7FE29}.Release|x86.ActiveCfg = Release|Win32
		{C5F7CF4E-7CAE-4A66-BBF7-E987F3C7FE29}.Release|x86.Build.0 = Release|Win32
		{0322BF84-5F22-464B-8E94-AE1E7F50D581}.Debug|x64.ActiveCfg = Debug|x64
		{0322BF84-5F22-464B-8E94-AE1E7F50D581}.Debug|x64.Build.0 = Debug|x64
		{0322BF84-5F22-464B-8E94-AE1E7F50D581}.Debug|x86.ActiveCfg = Debug|Win32
		{0322BF84-5F22-464B-8E94-AE1E7F50D581}.Debug|x86.Build.0 = Debug|Win32
		{0322BF84-5F22-464B-8E94-AE1E7F50D581}.Release|x64.ActiveCfg = Release|x64
		{0322BF84-5F22-464B-8E94-AE1E7F50D581}.Release|x64.Build.0 = Release|x64
		{0322BF84-5F22-464B-8E94-AE1E7F50D581}.Release|x86.ActiveCfg = Release|Win32
		{0322BF84-5F22-464B-8E94-AE1E7F50D581}.Release|x86.Build.0 = Release|Win32
		{D39AFF59-13A6-4EB6-A598-47B1AB3ACF78}.Debug|x64.ActiveCfg = Debug|x64
		{D39AFF59-13A6-4EB6-A598-47B1AB3ACF78}.Debug|x64.Build.0 = Debug|x64
		{D39AFF59-13A6-4EB6-A598-47B1AB3ACF78}.Debug|x86.ActiveCfg = Debug|Win32
		{D39AFF59-13A6-4EB6-A598-47B1AB3ACF78}.Debug|x86.Build.0 = Debug|Win32
		{D39AFF59-13A6-4EB6-A598-47B1AB3ACF78}.Release|x64.ActiveCfg = Release|x64
		{D39AFF59-13A6-4EB6-A598-47B1AB3ACF78}.Release|x64.Build.0 = Release|x64
		{D39AFF59-13A6-4EB6-A598-47B1AB3ACF78}.Release|x86.ActiveCfg = Release|Win32
		{D39AFF59-13A6-4EB6-A598-47B1AB3ACF78}.Release|x86.Build.0 = Release|Win32
		{73AF635D-EABD-4F5D-85A5-A6E9F79E3D29}.Debug|x64.ActiveCfg = Debug|x64
		{73AF635D-EABD-4F5D-85A5-A6E9F79E3D29}.Debug|x64.Build.0 = Debug|x64
		{73AF635D-EABD-4F5D-85A5-A6E9F79E3D29}.Debug|x86.ActiveCfg = Debug|Win32
		{73AF635D-EABD-4F5D-85A5-A6E9F79E3D29}.Debug|x86.Build.0 = Debug|Win32
		{73AF635D-EABD-4F5D-85A5-A6E9F79E3D29}.Release|x64.ActiveCfg = Release|x64
		{73AF635D-EABD-4F5D-85A5-A6E9F79E3D29}.Release|x64.Build.0 = Release|x64
		{73AF635D-EABD-4F5D-85A5-A6E9F79E3D29}.Release|x86.ActiveCfg = Release|Win32
		{73AF635D-EABD-4F5D-85A5-A6E9F79E3D29}.Release|x86.Build.0 = Release|Win32
		{E7816E69-001C-4D58-B35B-E2D53FB92F91}.Debug|x64.ActiveCfg = Debug|x64
		{E7816E69-001C-4D58-B35B-E2D53FB92F91}.Debug|x64.Build.0 = Debug|x64
		{E7816E69-001C-4D58-B35B-E2D53FB92F91}.Debug|x86.ActiveCfg = Debug|Win32
		{E7816E69-001C-4D58-B35B-E2D53FB92F91}.Debug|x86.Build.0 = Debug|Win32
		{E7816E69-001C-4D58-B35B-E2D53FB92F91}.Release|x64.ActiveCfg = Release|x64
		{E7816E69-001C-4D58-B35B-E2D53FB92F91}.Release|x64.Build.0 = Release|x64
		{E7816E69-001C-4D58-B35B-E2D53FB92F91}.Release|x86.ActiveCfg = Release|Win32
		{E7816E69-001C-4D58-B35B-E2D53FB92F91}.Release|x86.Build.0 = Release|Win32
		{F31B04AD-6DAC-44DA-8493-03239F0385CC}.Debug|x64.ActiveCfg = Debug|x64
		{F31B04AD-6DAC-44DA-8493-03239F0385CC}.Debug|x64.Build.0 = Debug|x64
		{F31B04AD-6DAC-44DA-8493-03239F0385CC}.Debug|x86.ActiveCfg = Debug|Win32
		{F31B04AD-6DAC-44DA-8493-03239F0385CC}.Debug|x86.Build.0 = Debug|Win32
		{F31B04AD-6DAC-44DA-8493-03239F0385CC}.Release|x64.ActiveCfg = Release|x64
		{F31B04AD-6DAC-44DA-8493-03239F0385CC}.Release|x64.Build.0 = Release|x64
		{F31B04AD-6DAC-44DA-8493-03239F0385CC}.Release|x86.ActiveCfg = Release|Win32
		{F31B04AD-6DAC-44DA-8493-03239F0385CC}.Release|x86.Build.0 = Release|Win32
	EndGlobalSection
	GlobalSection(SolutionProperties) = preSolution
		HideSolutionNode = FALSE
	EndGlobalSection
	GlobalSection(ExtensibilityGlobals) = postSolution
		SolutionGuid = {B536C3D3-CA72-4FA3-A3B9-0590F629F24B}
	EndGlobalSection
EndGlobal
