
Microsoft Visual Studio Solution File, Format Version 12.00
# Visual Studio Version 16
VisualStudioVersion = 16.0.30711.63
MinimumVisualStudioVersion = 10.0.40219.1
Project("{8BC9CEB8-8B4A-11D0-8D11-00A0C91BC942}") = "01. Print triangle", "01. Print triangle\01. Print triangle.vcxproj", "{5FDBAFCE-2FDD-42D9-A409-C2FB36945AE6}"
EndProject
Project("{8BC9CEB8-8B4A-11D0-8D11-00A0C91BC942}") = "03. MathMax", "03. MathMax\03. MathMax.vcxproj", "{3C6FACF2-6E50-414B-BC8E-CA1B70121CB4}"
EndProject
Project("{8BC9CEB8-8B4A-11D0-8D11-00A0C91BC942}") = "04. ABS", "04. ABS\04. ABS.vcxproj", "{6261EB57-C4EC-4F6C-9A5A-68B6C7B970C9}"
EndProject
Project("{8BC9CEB8-8B4A-11D0-8D11-00A0C91BC942}") = "05. Pow", "05. Pow\05. Pow.vcxproj", "{F58055ED-C8B1-4751-B770-61BC103A2E8B}"
EndProject
Project("{8BC9CEB8-8B4A-11D0-8D11-00A0C91BC942}") = "06. NOD", "06. NOD\06. NOD.vcxproj", "{3376E094-202F-4E95-B3D8-52B01FC160FD}"
EndProject
Project("{8BC9CEB8-8B4A-11D0-8D11-00A0C91BC942}") = "07. Fibonacci", "07. Fibonacci\07. Fibonacci.vcxproj", "{E2B79B3E-5C0A-46EA-A106-9FAFE00F01BA}"
EndProject
Project("{8BC9CEB8-8B4A-11D0-8D11-00A0C91BC942}") = "08. IsPrime", "08. IsPrime\08. IsPrime.vcxproj", "{4BC79B9E-8686-4918-8B0E-675CE8634681}"
EndProject
Project("{8BC9CEB8-8B4A-11D0-8D11-00A0C91BC942}") = "09. SumOfPrimes", "09. SumOfPrimes\09. SumOfPrimes.vcxproj", "{DBF6775B-03C1-491D-ADA8-D0668F35FA91}"
EndProject
Project("{8BC9CEB8-8B4A-11D0-8D11-00A0C91BC942}") = "10. PrimeDelimiters", "10. PrimeDelimiters\10. PrimeDelimiters.vcxproj", "{A8E9C7D1-9868-49B4-87E7-52617B386B25}"
EndProject
Global
	GlobalSection(SolutionConfigurationPlatforms) = preSolution
		Debug|x64 = Debug|x64
		Debug|x86 = Debug|x86
		Release|x64 = Release|x64
		Release|x86 = Release|x86
	EndGlobalSection
	GlobalSection(ProjectConfigurationPlatforms) = postSolution
		{5FDBAFCE-2FDD-42D9-A409-C2FB36945AE6}.Debug|x64.ActiveCfg = Debug|x64
		{5FDBAFCE-2FDD-42D9-A409-C2FB36945AE6}.Debug|x64.Build.0 = Debug|x64
		{5FDBAFCE-2FDD-42D9-A409-C2FB36945AE6}.Debug|x86.ActiveCfg = Debug|Win32
		{5FDBAFCE-2FDD-42D9-A409-C2FB36945AE6}.Debug|x86.Build.0 = Debug|Win32
		{5FDBAFCE-2FDD-42D9-A409-C2FB36945AE6}.Release|x64.ActiveCfg = Release|x64
		{5FDBAFCE-2FDD-42D9-A409-C2FB36945AE6}.Release|x64.Build.0 = Release|x64
		{5FDBAFCE-2FDD-42D9-A409-C2FB36945AE6}.Release|x86.ActiveCfg = Release|Win32
		{5FDBAFCE-2FDD-42D9-A409-C2FB36945AE6}.Release|x86.Build.0 = Release|Win32
		{3C6FACF2-6E50-414B-BC8E-CA1B70121CB4}.Debug|x64.ActiveCfg = Debug|x64
		{3C6FACF2-6E50-414B-BC8E-CA1B70121CB4}.Debug|x64.Build.0 = Debug|x64
		{3C6FACF2-6E50-414B-BC8E-CA1B70121CB4}.Debug|x86.ActiveCfg = Debug|Win32
		{3C6FACF2-6E50-414B-BC8E-CA1B70121CB4}.Debug|x86.Build.0 = Debug|Win32
		{3C6FACF2-6E50-414B-BC8E-CA1B70121CB4}.Release|x64.ActiveCfg = Release|x64
		{3C6FACF2-6E50-414B-BC8E-CA1B70121CB4}.Release|x64.Build.0 = Release|x64
		{3C6FACF2-6E50-414B-BC8E-CA1B70121CB4}.Release|x86.ActiveCfg = Release|Win32
		{3C6FACF2-6E50-414B-BC8E-CA1B70121CB4}.Release|x86.Build.0 = Release|Win32
		{6261EB57-C4EC-4F6C-9A5A-68B6C7B970C9}.Debug|x64.ActiveCfg = Debug|x64
		{6261EB57-C4EC-4F6C-9A5A-68B6C7B970C9}.Debug|x64.Build.0 = Debug|x64
		{6261EB57-C4EC-4F6C-9A5A-68B6C7B970C9}.Debug|x86.ActiveCfg = Debug|Win32
		{6261EB57-C4EC-4F6C-9A5A-68B6C7B970C9}.Debug|x86.Build.0 = Debug|Win32
		{6261EB57-C4EC-4F6C-9A5A-68B6C7B970C9}.Release|x64.ActiveCfg = Release|x64
		{6261EB57-C4EC-4F6C-9A5A-68B6C7B970C9}.Release|x64.Build.0 = Release|x64
		{6261EB57-C4EC-4F6C-9A5A-68B6C7B970C9}.Release|x86.ActiveCfg = Release|Win32
		{6261EB57-C4EC-4F6C-9A5A-68B6C7B970C9}.Release|x86.Build.0 = Release|Win32
		{F58055ED-C8B1-4751-B770-61BC103A2E8B}.Debug|x64.ActiveCfg = Debug|x64
		{F58055ED-C8B1-4751-B770-61BC103A2E8B}.Debug|x64.Build.0 = Debug|x64
		{F58055ED-C8B1-4751-B770-61BC103A2E8B}.Debug|x86.ActiveCfg = Debug|Win32
		{F58055ED-C8B1-4751-B770-61BC103A2E8B}.Debug|x86.Build.0 = Debug|Win32
		{F58055ED-C8B1-4751-B770-61BC103A2E8B}.Release|x64.ActiveCfg = Release|x64
		{F58055ED-C8B1-4751-B770-61BC103A2E8B}.Release|x64.Build.0 = Release|x64
		{F58055ED-C8B1-4751-B770-61BC103A2E8B}.Release|x86.ActiveCfg = Release|Win32
		{F58055ED-C8B1-4751-B770-61BC103A2E8B}.Release|x86.Build.0 = Release|Win32
		{3376E094-202F-4E95-B3D8-52B01FC160FD}.Debug|x64.ActiveCfg = Debug|x64
		{3376E094-202F-4E95-B3D8-52B01FC160FD}.Debug|x64.Build.0 = Debug|x64
		{3376E094-202F-4E95-B3D8-52B01FC160FD}.Debug|x86.ActiveCfg = Debug|Win32
		{3376E094-202F-4E95-B3D8-52B01FC160FD}.Debug|x86.Build.0 = Debug|Win32
		{3376E094-202F-4E95-B3D8-52B01FC160FD}.Release|x64.ActiveCfg = Release|x64
		{3376E094-202F-4E95-B3D8-52B01FC160FD}.Release|x64.Build.0 = Release|x64
		{3376E094-202F-4E95-B3D8-52B01FC160FD}.Release|x86.ActiveCfg = Release|Win32
		{3376E094-202F-4E95-B3D8-52B01FC160FD}.Release|x86.Build.0 = Release|Win32
		{E2B79B3E-5C0A-46EA-A106-9FAFE00F01BA}.Debug|x64.ActiveCfg = Debug|x64
		{E2B79B3E-5C0A-46EA-A106-9FAFE00F01BA}.Debug|x64.Build.0 = Debug|x64
		{E2B79B3E-5C0A-46EA-A106-9FAFE00F01BA}.Debug|x86.ActiveCfg = Debug|Win32
		{E2B79B3E-5C0A-46EA-A106-9FAFE00F01BA}.Debug|x86.Build.0 = Debug|Win32
		{E2B79B3E-5C0A-46EA-A106-9FAFE00F01BA}.Release|x64.ActiveCfg = Release|x64
		{E2B79B3E-5C0A-46EA-A106-9FAFE00F01BA}.Release|x64.Build.0 = Release|x64
		{E2B79B3E-5C0A-46EA-A106-9FAFE00F01BA}.Release|x86.ActiveCfg = Release|Win32
		{E2B79B3E-5C0A-46EA-A106-9FAFE00F01BA}.Release|x86.Build.0 = Release|Win32
		{4BC79B9E-8686-4918-8B0E-675CE8634681}.Debug|x64.ActiveCfg = Debug|x64
		{4BC79B9E-8686-4918-8B0E-675CE8634681}.Debug|x64.Build.0 = Debug|x64
		{4BC79B9E-8686-4918-8B0E-675CE8634681}.Debug|x86.ActiveCfg = Debug|Win32
		{4BC79B9E-8686-4918-8B0E-675CE8634681}.Debug|x86.Build.0 = Debug|Win32
		{4BC79B9E-8686-4918-8B0E-675CE8634681}.Release|x64.ActiveCfg = Release|x64
		{4BC79B9E-8686-4918-8B0E-675CE8634681}.Release|x64.Build.0 = Release|x64
		{4BC79B9E-8686-4918-8B0E-675CE8634681}.Release|x86.ActiveCfg = Release|Win32
		{4BC79B9E-8686-4918-8B0E-675CE8634681}.Release|x86.Build.0 = Release|Win32
		{DBF6775B-03C1-491D-ADA8-D0668F35FA91}.Debug|x64.ActiveCfg = Debug|x64
		{DBF6775B-03C1-491D-ADA8-D0668F35FA91}.Debug|x64.Build.0 = Debug|x64
		{DBF6775B-03C1-491D-ADA8-D0668F35FA91}.Debug|x86.ActiveCfg = Debug|Win32
		{DBF6775B-03C1-491D-ADA8-D0668F35FA91}.Debug|x86.Build.0 = Debug|Win32
		{DBF6775B-03C1-491D-ADA8-D0668F35FA91}.Release|x64.ActiveCfg = Release|x64
		{DBF6775B-03C1-491D-ADA8-D0668F35FA91}.Release|x64.Build.0 = Release|x64
		{DBF6775B-03C1-491D-ADA8-D0668F35FA91}.Release|x86.ActiveCfg = Release|Win32
		{DBF6775B-03C1-491D-ADA8-D0668F35FA91}.Release|x86.Build.0 = Release|Win32
		{A8E9C7D1-9868-49B4-87E7-52617B386B25}.Debug|x64.ActiveCfg = Debug|x64
		{A8E9C7D1-9868-49B4-87E7-52617B386B25}.Debug|x64.Build.0 = Debug|x64
		{A8E9C7D1-9868-49B4-87E7-52617B386B25}.Debug|x86.ActiveCfg = Debug|Win32
		{A8E9C7D1-9868-49B4-87E7-52617B386B25}.Debug|x86.Build.0 = Debug|Win32
		{A8E9C7D1-9868-49B4-87E7-52617B386B25}.Release|x64.ActiveCfg = Release|x64
		{A8E9C7D1-9868-49B4-87E7-52617B386B25}.Release|x64.Build.0 = Release|x64
		{A8E9C7D1-9868-49B4-87E7-52617B386B25}.Release|x86.ActiveCfg = Release|Win32
		{A8E9C7D1-9868-49B4-87E7-52617B386B25}.Release|x86.Build.0 = Release|Win32
	EndGlobalSection
	GlobalSection(SolutionProperties) = preSolution
		HideSolutionNode = FALSE
	EndGlobalSection
	GlobalSection(ExtensibilityGlobals) = postSolution
		SolutionGuid = {CCE160B8-A10E-43F5-8316-660BD1C1877E}
	EndGlobalSection
EndGlobal
