
Microsoft Visual Studio Solution File, Format Version 12.00
# Visual Studio Version 16
VisualStudioVersion = 16.0.30711.63
MinimumVisualStudioVersion = 10.0.40219.1
Project("{8BC9CEB8-8B4A-11D0-8D11-00A0C91BC942}") = "08. ArrayAlogs", "08. ArrayAlogs\08. ArrayAlogs.vcxproj", "{10CFBBDF-1C9C-4CE5-8426-4C21C7E2DDE7}"
EndProject
Project("{8BC9CEB8-8B4A-11D0-8D11-00A0C91BC942}") = "09. Pointers", "09. Pointers\09. Pointers.vcxproj", "{AEAC4F04-475A-4362-9D75-621166372132}"
EndProject
Project("{8BC9CEB8-8B4A-11D0-8D11-00A0C91BC942}") = "Tasks", "Tasks\Tasks.vcxproj", "{77333A16-D8A8-4688-A39C-07B454447953}"
EndProject
Project("{8BC9CEB8-8B4A-11D0-8D11-00A0C91BC942}") = "10. Strings", "10. Strings\10. Strings.vcxproj", "{DE914BBD-FBC5-4355-80AA-179AFDEB1992}"
EndProject
Project("{FAE04EC0-301F-11D3-BF4B-00C04F79EFBC}") = "21. AllPathsLabyrinth", "21. AllPathsLabyrinth\21. AllPathsLabyrinth.csproj", "{52566F36-11BD-4D5A-98E4-CD93FA59DF3A}"
EndProject
Project("{8BC9CEB8-8B4A-11D0-8D11-00A0C91BC942}") = "22. ExamPrep", "22. ExamPrep\22. ExamPrep.vcxproj", "{A14A6AAB-9C76-4F17-9DED-B434FE042E70}"
EndProject
Project("{8BC9CEB8-8B4A-11D0-8D11-00A0C91BC942}") = "23. Conway's Game of Life", "23. Conway's Game of Life\23. Conway's Game of Life.vcxproj", "{961D1A18-7D10-43CE-AEC2-15D2FAFD9A9A}"
EndProject
Project("{8BC9CEB8-8B4A-11D0-8D11-00A0C91BC942}") = "24. Лаби2", "24. Лаби2\24. Лаби2.vcxproj", "{6FFD8E8E-9A3F-458A-B72E-F96C49C84CE6}"
EndProject
Global
	GlobalSection(SolutionConfigurationPlatforms) = preSolution
		Debug|Any CPU = Debug|Any CPU
		Debug|x64 = Debug|x64
		Debug|x86 = Debug|x86
		Release|Any CPU = Release|Any CPU
		Release|x64 = Release|x64
		Release|x86 = Release|x86
	EndGlobalSection
	GlobalSection(ProjectConfigurationPlatforms) = postSolution
		{10CFBBDF-1C9C-4CE5-8426-4C21C7E2DDE7}.Debug|Any CPU.ActiveCfg = Debug|Win32
		{10CFBBDF-1C9C-4CE5-8426-4C21C7E2DDE7}.Debug|x64.ActiveCfg = Debug|x64
		{10CFBBDF-1C9C-4CE5-8426-4C21C7E2DDE7}.Debug|x64.Build.0 = Debug|x64
		{10CFBBDF-1C9C-4CE5-8426-4C21C7E2DDE7}.Debug|x86.ActiveCfg = Debug|Win32
		{10CFBBDF-1C9C-4CE5-8426-4C21C7E2DDE7}.Debug|x86.Build.0 = Debug|Win32
		{10CFBBDF-1C9C-4CE5-8426-4C21C7E2DDE7}.Release|Any CPU.ActiveCfg = Release|Win32
		{10CFBBDF-1C9C-4CE5-8426-4C21C7E2DDE7}.Release|x64.ActiveCfg = Release|x64
		{10CFBBDF-1C9C-4CE5-8426-4C21C7E2DDE7}.Release|x64.Build.0 = Release|x64
		{10CFBBDF-1C9C-4CE5-8426-4C21C7E2DDE7}.Release|x86.ActiveCfg = Release|Win32
		{10CFBBDF-1C9C-4CE5-8426-4C21C7E2DDE7}.Release|x86.Build.0 = Release|Win32
		{AEAC4F04-475A-4362-9D75-621166372132}.Debug|Any CPU.ActiveCfg = Debug|Win32
		{AEAC4F04-475A-4362-9D75-621166372132}.Debug|x64.ActiveCfg = Debug|x64
		{AEAC4F04-475A-4362-9D75-621166372132}.Debug|x64.Build.0 = Debug|x64
		{AEAC4F04-475A-4362-9D75-621166372132}.Debug|x86.ActiveCfg = Debug|Win32
		{AEAC4F04-475A-4362-9D75-621166372132}.Debug|x86.Build.0 = Debug|Win32
		{AEAC4F04-475A-4362-9D75-621166372132}.Release|Any CPU.ActiveCfg = Release|Win32
		{AEAC4F04-475A-4362-9D75-621166372132}.Release|x64.ActiveCfg = Release|x64
		{AEAC4F04-475A-4362-9D75-621166372132}.Release|x64.Build.0 = Release|x64
		{AEAC4F04-475A-4362-9D75-621166372132}.Release|x86.ActiveCfg = Release|Win32
		{AEAC4F04-475A-4362-9D75-621166372132}.Release|x86.Build.0 = Release|Win32
		{77333A16-D8A8-4688-A39C-07B454447953}.Debug|Any CPU.ActiveCfg = Debug|Win32
		{77333A16-D8A8-4688-A39C-07B454447953}.Debug|x64.ActiveCfg = Debug|x64
		{77333A16-D8A8-4688-A39C-07B454447953}.Debug|x64.Build.0 = Debug|x64
		{77333A16-D8A8-4688-A39C-07B454447953}.Debug|x86.ActiveCfg = Debug|Win32
		{77333A16-D8A8-4688-A39C-07B454447953}.Debug|x86.Build.0 = Debug|Win32
		{77333A16-D8A8-4688-A39C-07B454447953}.Release|Any CPU.ActiveCfg = Release|Win32
		{77333A16-D8A8-4688-A39C-07B454447953}.Release|x64.ActiveCfg = Release|x64
		{77333A16-D8A8-4688-A39C-07B454447953}.Release|x64.Build.0 = Release|x64
		{77333A16-D8A8-4688-A39C-07B454447953}.Release|x86.ActiveCfg = Release|Win32
		{77333A16-D8A8-4688-A39C-07B454447953}.Release|x86.Build.0 = Release|Win32
		{DE914BBD-FBC5-4355-80AA-179AFDEB1992}.Debug|Any CPU.ActiveCfg = Debug|Win32
		{DE914BBD-FBC5-4355-80AA-179AFDEB1992}.Debug|x64.ActiveCfg = Debug|x64
		{DE914BBD-FBC5-4355-80AA-179AFDEB1992}.Debug|x64.Build.0 = Debug|x64
		{DE914BBD-FBC5-4355-80AA-179AFDEB1992}.Debug|x86.ActiveCfg = Debug|Win32
		{DE914BBD-FBC5-4355-80AA-179AFDEB1992}.Debug|x86.Build.0 = Debug|Win32
		{DE914BBD-FBC5-4355-80AA-179AFDEB1992}.Release|Any CPU.ActiveCfg = Release|Win32
		{DE914BBD-FBC5-4355-80AA-179AFDEB1992}.Release|x64.ActiveCfg = Release|x64
		{DE914BBD-FBC5-4355-80AA-179AFDEB1992}.Release|x64.Build.0 = Release|x64
		{DE914BBD-FBC5-4355-80AA-179AFDEB1992}.Release|x86.ActiveCfg = Release|Win32
		{DE914BBD-FBC5-4355-80AA-179AFDEB1992}.Release|x86.Build.0 = Release|Win32
		{52566F36-11BD-4D5A-98E4-CD93FA59DF3A}.Debug|Any CPU.ActiveCfg = Debug|Any CPU
		{52566F36-11BD-4D5A-98E4-CD93FA59DF3A}.Debug|Any CPU.Build.0 = Debug|Any CPU
		{52566F36-11BD-4D5A-98E4-CD93FA59DF3A}.Debug|x64.ActiveCfg = Debug|Any CPU
		{52566F36-11BD-4D5A-98E4-CD93FA59DF3A}.Debug|x64.Build.0 = Debug|Any CPU
		{52566F36-11BD-4D5A-98E4-CD93FA59DF3A}.Debug|x86.ActiveCfg = Debug|Any CPU
		{52566F36-11BD-4D5A-98E4-CD93FA59DF3A}.Debug|x86.Build.0 = Debug|Any CPU
		{52566F36-11BD-4D5A-98E4-CD93FA59DF3A}.Release|Any CPU.ActiveCfg = Release|Any CPU
		{52566F36-11BD-4D5A-98E4-CD93FA59DF3A}.Release|Any CPU.Build.0 = Release|Any CPU
		{52566F36-11BD-4D5A-98E4-CD93FA59DF3A}.Release|x64.ActiveCfg = Release|Any CPU
		{52566F36-11BD-4D5A-98E4-CD93FA59DF3A}.Release|x64.Build.0 = Release|Any CPU
		{52566F36-11BD-4D5A-98E4-CD93FA59DF3A}.Release|x86.ActiveCfg = Release|Any CPU
		{52566F36-11BD-4D5A-98E4-CD93FA59DF3A}.Release|x86.Build.0 = Release|Any CPU
		{A14A6AAB-9C76-4F17-9DED-B434FE042E70}.Debug|Any CPU.ActiveCfg = Debug|Win32
		{A14A6AAB-9C76-4F17-9DED-B434FE042E70}.Debug|x64.ActiveCfg = Debug|x64
		{A14A6AAB-9C76-4F17-9DED-B434FE042E70}.Debug|x64.Build.0 = Debug|x64
		{A14A6AAB-9C76-4F17-9DED-B434FE042E70}.Debug|x86.ActiveCfg = Debug|Win32
		{A14A6AAB-9C76-4F17-9DED-B434FE042E70}.Debug|x86.Build.0 = Debug|Win32
		{A14A6AAB-9C76-4F17-9DED-B434FE042E70}.Release|Any CPU.ActiveCfg = Release|Win32
		{A14A6AAB-9C76-4F17-9DED-B434FE042E70}.Release|x64.ActiveCfg = Release|x64
		{A14A6AAB-9C76-4F17-9DED-B434FE042E70}.Release|x64.Build.0 = Release|x64
		{A14A6AAB-9C76-4F17-9DED-B434FE042E70}.Release|x86.ActiveCfg = Release|Win32
		{A14A6AAB-9C76-4F17-9DED-B434FE042E70}.Release|x86.Build.0 = Release|Win32
		{961D1A18-7D10-43CE-AEC2-15D2FAFD9A9A}.Debug|Any CPU.ActiveCfg = Debug|Win32
		{961D1A18-7D10-43CE-AEC2-15D2FAFD9A9A}.Debug|x64.ActiveCfg = Debug|x64
		{961D1A18-7D10-43CE-AEC2-15D2FAFD9A9A}.Debug|x64.Build.0 = Debug|x64
		{961D1A18-7D10-43CE-AEC2-15D2FAFD9A9A}.Debug|x86.ActiveCfg = Debug|Win32
		{961D1A18-7D10-43CE-AEC2-15D2FAFD9A9A}.Debug|x86.Build.0 = Debug|Win32
		{961D1A18-7D10-43CE-AEC2-15D2FAFD9A9A}.Release|Any CPU.ActiveCfg = Release|Win32
		{961D1A18-7D10-43CE-AEC2-15D2FAFD9A9A}.Release|x64.ActiveCfg = Release|x64
		{961D1A18-7D10-43CE-AEC2-15D2FAFD9A9A}.Release|x64.Build.0 = Release|x64
		{961D1A18-7D10-43CE-AEC2-15D2FAFD9A9A}.Release|x86.ActiveCfg = Release|Win32
		{961D1A18-7D10-43CE-AEC2-15D2FAFD9A9A}.Release|x86.Build.0 = Release|Win32
		{6FFD8E8E-9A3F-458A-B72E-F96C49C84CE6}.Debug|Any CPU.ActiveCfg = Debug|Win32
		{6FFD8E8E-9A3F-458A-B72E-F96C49C84CE6}.Debug|x64.ActiveCfg = Debug|x64
		{6FFD8E8E-9A3F-458A-B72E-F96C49C84CE6}.Debug|x64.Build.0 = Debug|x64
		{6FFD8E8E-9A3F-458A-B72E-F96C49C84CE6}.Debug|x86.ActiveCfg = Debug|Win32
		{6FFD8E8E-9A3F-458A-B72E-F96C49C84CE6}.Debug|x86.Build.0 = Debug|Win32
		{6FFD8E8E-9A3F-458A-B72E-F96C49C84CE6}.Release|Any CPU.ActiveCfg = Release|Win32
		{6FFD8E8E-9A3F-458A-B72E-F96C49C84CE6}.Release|x64.ActiveCfg = Release|x64
		{6FFD8E8E-9A3F-458A-B72E-F96C49C84CE6}.Release|x64.Build.0 = Release|x64
		{6FFD8E8E-9A3F-458A-B72E-F96C49C84CE6}.Release|x86.ActiveCfg = Release|Win32
		{6FFD8E8E-9A3F-458A-B72E-F96C49C84CE6}.Release|x86.Build.0 = Release|Win32
	EndGlobalSection
	GlobalSection(SolutionProperties) = preSolution
		HideSolutionNode = FALSE
	EndGlobalSection
	GlobalSection(ExtensibilityGlobals) = postSolution
		SolutionGuid = {034EA095-C88E-43A0-9246-C4D200F22A90}
	EndGlobalSection
EndGlobal
