
Microsoft Visual Studio Solution File, Format Version 12.00
# Visual Studio Version 16
VisualStudioVersion = 16.0.30611.23
MinimumVisualStudioVersion = 10.0.40219.1
Project("{8BC9CEB8-8B4A-11D0-8D11-00A0C91BC942}") = "01. Swap Numbers", "01. Swap Numbers\01. Swap Numbers.vcxproj", "{0A392D8D-6416-4BBF-8FA8-142C157FF6E2}"
EndProject
Project("{8BC9CEB8-8B4A-11D0-8D11-00A0C91BC942}") = "02. SumProductAverage", "02. SumProductAverage\02. SumProductAverage.vcxproj", "{CBF58BA7-46E8-468C-B543-89E930831600}"
EndProject
Project("{8BC9CEB8-8B4A-11D0-8D11-00A0C91BC942}") = "03. Reverce Number", "03. Reverce Number\03. Reverce Number.vcxproj", "{7BD23DE3-65B0-480D-92AF-7AFD1408E927}"
EndProject
Project("{8BC9CEB8-8B4A-11D0-8D11-00A0C91BC942}") = "04. DivisionRemainder", "04. Remainder\04. Remainder.vcxproj", "{94BB8BF4-21FC-46F3-83BD-FD0FF2E34F64}"
EndProject
Project("{8BC9CEB8-8B4A-11D0-8D11-00A0C91BC942}") = "05.Remove Last Digit", "05.Remove Last Digit\05.Remove Last Digit.vcxproj", "{385403D0-4415-4DB5-9E7E-0858C2CC751A}"
EndProject
Global
	GlobalSection(SolutionConfigurationPlatforms) = preSolution
		Debug|x64 = Debug|x64
		Debug|x86 = Debug|x86
		Release|x64 = Release|x64
		Release|x86 = Release|x86
	EndGlobalSection
	GlobalSection(ProjectConfigurationPlatforms) = postSolution
		{0A392D8D-6416-4BBF-8FA8-142C157FF6E2}.Debug|x64.ActiveCfg = Debug|x64
		{0A392D8D-6416-4BBF-8FA8-142C157FF6E2}.Debug|x64.Build.0 = Debug|x64
		{0A392D8D-6416-4BBF-8FA8-142C157FF6E2}.Debug|x86.ActiveCfg = Debug|Win32
		{0A392D8D-6416-4BBF-8FA8-142C157FF6E2}.Debug|x86.Build.0 = Debug|Win32
		{0A392D8D-6416-4BBF-8FA8-142C157FF6E2}.Release|x64.ActiveCfg = Release|x64
		{0A392D8D-6416-4BBF-8FA8-142C157FF6E2}.Release|x64.Build.0 = Release|x64
		{0A392D8D-6416-4BBF-8FA8-142C157FF6E2}.Release|x86.ActiveCfg = Release|Win32
		{0A392D8D-6416-4BBF-8FA8-142C157FF6E2}.Release|x86.Build.0 = Release|Win32
		{CBF58BA7-46E8-468C-B543-89E930831600}.Debug|x64.ActiveCfg = Debug|x64
		{CBF58BA7-46E8-468C-B543-89E930831600}.Debug|x64.Build.0 = Debug|x64
		{CBF58BA7-46E8-468C-B543-89E930831600}.Debug|x86.ActiveCfg = Debug|Win32
		{CBF58BA7-46E8-468C-B543-89E930831600}.Debug|x86.Build.0 = Debug|Win32
		{CBF58BA7-46E8-468C-B543-89E930831600}.Release|x64.ActiveCfg = Release|x64
		{CBF58BA7-46E8-468C-B543-89E930831600}.Release|x64.Build.0 = Release|x64
		{CBF58BA7-46E8-468C-B543-89E930831600}.Release|x86.ActiveCfg = Release|Win32
		{CBF58BA7-46E8-468C-B543-89E930831600}.Release|x86.Build.0 = Release|Win32
		{7BD23DE3-65B0-480D-92AF-7AFD1408E927}.Debug|x64.ActiveCfg = Debug|x64
		{7BD23DE3-65B0-480D-92AF-7AFD1408E927}.Debug|x64.Build.0 = Debug|x64
		{7BD23DE3-65B0-480D-92AF-7AFD1408E927}.Debug|x86.ActiveCfg = Debug|Win32
		{7BD23DE3-65B0-480D-92AF-7AFD1408E927}.Debug|x86.Build.0 = Debug|Win32
		{7BD23DE3-65B0-480D-92AF-7AFD1408E927}.Release|x64.ActiveCfg = Release|x64
		{7BD23DE3-65B0-480D-92AF-7AFD1408E927}.Release|x64.Build.0 = Release|x64
		{7BD23DE3-65B0-480D-92AF-7AFD1408E927}.Release|x86.ActiveCfg = Release|Win32
		{7BD23DE3-65B0-480D-92AF-7AFD1408E927}.Release|x86.Build.0 = Release|Win32
		{94BB8BF4-21FC-46F3-83BD-FD0FF2E34F64}.Debug|x64.ActiveCfg = Debug|x64
		{94BB8BF4-21FC-46F3-83BD-FD0FF2E34F64}.Debug|x64.Build.0 = Debug|x64
		{94BB8BF4-21FC-46F3-83BD-FD0FF2E34F64}.Debug|x86.ActiveCfg = Debug|Win32
		{94BB8BF4-21FC-46F3-83BD-FD0FF2E34F64}.Debug|x86.Build.0 = Debug|Win32
		{94BB8BF4-21FC-46F3-83BD-FD0FF2E34F64}.Release|x64.ActiveCfg = Release|x64
		{94BB8BF4-21FC-46F3-83BD-FD0FF2E34F64}.Release|x64.Build.0 = Release|x64
		{94BB8BF4-21FC-46F3-83BD-FD0FF2E34F64}.Release|x86.ActiveCfg = Release|Win32
		{94BB8BF4-21FC-46F3-83BD-FD0FF2E34F64}.Release|x86.Build.0 = Release|Win32
		{385403D0-4415-4DB5-9E7E-0858C2CC751A}.Debug|x64.ActiveCfg = Debug|x64
		{385403D0-4415-4DB5-9E7E-0858C2CC751A}.Debug|x64.Build.0 = Debug|x64
		{385403D0-4415-4DB5-9E7E-0858C2CC751A}.Debug|x86.ActiveCfg = Debug|Win32
		{385403D0-4415-4DB5-9E7E-0858C2CC751A}.Debug|x86.Build.0 = Debug|Win32
		{385403D0-4415-4DB5-9E7E-0858C2CC751A}.Release|x64.ActiveCfg = Release|x64
		{385403D0-4415-4DB5-9E7E-0858C2CC751A}.Release|x64.Build.0 = Release|x64
		{385403D0-4415-4DB5-9E7E-0858C2CC751A}.Release|x86.ActiveCfg = Release|Win32
		{385403D0-4415-4DB5-9E7E-0858C2CC751A}.Release|x86.Build.0 = Release|Win32
	EndGlobalSection
	GlobalSection(SolutionProperties) = preSolution
		HideSolutionNode = FALSE
	EndGlobalSection
	GlobalSection(ExtensibilityGlobals) = postSolution
		SolutionGuid = {708116D1-0652-47A0-BCD3-50FC2680428A}
	EndGlobalSection
EndGlobal
