
Microsoft Visual Studio Solution File, Format Version 12.00
# Visual Studio Version 16
VisualStudioVersion = 16.0.30711.63
MinimumVisualStudioVersion = 10.0.40219.1
Project("{8BC9CEB8-8B4A-11D0-8D11-00A0C91BC942}") = "02. BullsAndCows", "02. BullsAndCows\02. BullsAndCows.vcxproj", "{FD87F1C9-C74E-4C24-966F-FC798B780AC9}"
EndProject
Project("{8BC9CEB8-8B4A-11D0-8D11-00A0C91BC942}") = "01. TaskSystem", "01. TaskSystem\01. TaskSystem.vcxproj", "{98DE0396-A3AA-446D-BDC5-9089B1DCD7FC}"
EndProject
Global
	GlobalSection(SolutionConfigurationPlatforms) = preSolution
		Debug|x64 = Debug|x64
		Debug|x86 = Debug|x86
		Release|x64 = Release|x64
		Release|x86 = Release|x86
	EndGlobalSection
	GlobalSection(ProjectConfigurationPlatforms) = postSolution
		{FD87F1C9-C74E-4C24-966F-FC798B780AC9}.Debug|x64.ActiveCfg = Debug|x64
		{FD87F1C9-C74E-4C24-966F-FC798B780AC9}.Debug|x64.Build.0 = Debug|x64
		{FD87F1C9-C74E-4C24-966F-FC798B780AC9}.Debug|x86.ActiveCfg = Debug|Win32
		{FD87F1C9-C74E-4C24-966F-FC798B780AC9}.Debug|x86.Build.0 = Debug|Win32
		{FD87F1C9-C74E-4C24-966F-FC798B780AC9}.Release|x64.ActiveCfg = Release|x64
		{FD87F1C9-C74E-4C24-966F-FC798B780AC9}.Release|x64.Build.0 = Release|x64
		{FD87F1C9-C74E-4C24-966F-FC798B780AC9}.Release|x86.ActiveCfg = Release|Win32
		{FD87F1C9-C74E-4C24-966F-FC798B780AC9}.Release|x86.Build.0 = Release|Win32
		{98DE0396-A3AA-446D-BDC5-9089B1DCD7FC}.Debug|x64.ActiveCfg = Debug|x64
		{98DE0396-A3AA-446D-BDC5-9089B1DCD7FC}.Debug|x64.Build.0 = Debug|x64
		{98DE0396-A3AA-446D-BDC5-9089B1DCD7FC}.Debug|x86.ActiveCfg = Debug|Win32
		{98DE0396-A3AA-446D-BDC5-9089B1DCD7FC}.Debug|x86.Build.0 = Debug|Win32
		{98DE0396-A3AA-446D-BDC5-9089B1DCD7FC}.Release|x64.ActiveCfg = Release|x64
		{98DE0396-A3AA-446D-BDC5-9089B1DCD7FC}.Release|x64.Build.0 = Release|x64
		{98DE0396-A3AA-446D-BDC5-9089B1DCD7FC}.Release|x86.ActiveCfg = Release|Win32
		{98DE0396-A3AA-446D-BDC5-9089B1DCD7FC}.Release|x86.Build.0 = Release|Win32
	EndGlobalSection
	GlobalSection(SolutionProperties) = preSolution
		HideSolutionNode = FALSE
	EndGlobalSection
	GlobalSection(ExtensibilityGlobals) = postSolution
		SolutionGuid = {AA896381-F9A9-4291-B40F-0FA056EBA3EC}
	EndGlobalSection
EndGlobal
